{
	"name": "@netatwork/aurelia-i18n-tools",
	"version": "1.0.0",
	"lockfileVersion": 1,
	"requires": true,
	"dependencies": {
		"@types/node": {
			"version": "12.12.30",
			"resolved": "https://registry.npmjs.org/@types/node/-/node-12.12.30.tgz",
			"integrity": "sha512-sz9MF/zk6qVr3pAnM0BSQvYIBK44tS75QC5N+VbWSE4DjCV/pJ+UzCW/F+vVnl7TkOPcuwQureKNtSSwjBTaMg==",
			"dev": true
		},
		"@types/parse5": {
			"version": "5.0.2",
			"resolved": "https://registry.npmjs.org/@types/parse5/-/parse5-5.0.2.tgz",
			"integrity": "sha512-BOl+6KDs4ItndUWUFchy3aEqGdHhw0BC4Uu+qoDonN/f0rbUnJbm71Ulj8Tt9jLFRaAxPLKvdS1bBLfx1qXR9g==",
			"dev": true
		},
		"parse5": {
			"version": "5.1.1",
			"resolved": "https://registry.npmjs.org/parse5/-/parse5-5.1.1.tgz",
			"integrity": "sha512-ugq4DFI0Ptb+WWjAdOK16+u/nHfiIrcE+sh8kZMaM0WllQKLI9rOUq6c2b7cwPkXdzfQESqvoqK6ug7U/Yyzug=="
		},
		"typescript": {
			"version": "3.8.3",
			"resolved": "https://registry.npmjs.org/typescript/-/typescript-3.8.3.tgz",
			"integrity": "sha512-MYlEfn5VrLNsgudQTVJeNaQFUAI7DkhnOjdpAp4T+ku1TfQClewlbSuTVHiA+8skNBgaf02TL/kLOvig4y3G8w==",
			"dev": true
		}
	}
}
